
Microsoft Visual Studio Solution File, Format Version 12.00
# Visual Studio Version 17
VisualStudioVersion = 17.5.002.0
MinimumVisualStudioVersion = 10.0.40219.1
Project("{2150E333-8FDC-42A3-9474-1A3956D46DE8}") = "XP Inc. - Full Stack Developer", "XP Inc. - Full Stack Developer", "{BCD7342D-149C-44A5-A49A-D2019CAFDBC1}"
EndProject
Project("{9A19103F-16F7-4668-BE54-9A1E7A4F7556}") = "DesafioProjetoHospedagem", "XP Inc. - Full Stack Developer\trilha-net-explorando-desafio-main\DesafioProjetoHospedagem.csproj", "{A39DC8DA-C0EB-4F9B-90D3-B68EB9297C57}"
EndProject
Project("{9A19103F-16F7-4668-BE54-9A1E7A4F7556}") = "DesafioPOO", "XP Inc. - Full Stack Developer\trilha-net-poo-desafio-main\DesafioPOO.csproj", "{45713140-FC72-4C28-98DF-AB63C1C46EEA}"
EndProject
Project("{2150E333-8FDC-42A3-9474-1A3956D46DE8}") = "trilha-net-fundamentos-desafio-main", "trilha-net-fundamentos-desafio-main", "{CB314234-0D64-4572-BAC4-5498E9291B67}"
EndProject
Project("{9A19103F-16F7-4668-BE54-9A1E7A4F7556}") = "DesafioFundamentos", "XP Inc. - Full Stack Developer\trilha-net-fundamentos-desafio-main\DesafioFundamentos\DesafioFundamentos.csproj", "{3BA1E22B-0F1A-4DB5-962C-FE4062FB3AC9}"
EndProject
Global
	GlobalSection(SolutionConfigurationPlatforms) = preSolution
		Debug|Any CPU = Debug|Any CPU
		Release|Any CPU = Release|Any CPU
	EndGlobalSection
	GlobalSection(ProjectConfigurationPlatforms) = postSolution
		{A39DC8DA-C0EB-4F9B-90D3-B68EB9297C57}.Debug|Any CPU.ActiveCfg = Debug|Any CPU
		{A39DC8DA-C0EB-4F9B-90D3-B68EB9297C57}.Debug|Any CPU.Build.0 = Debug|Any CPU
		{A39DC8DA-C0EB-4F9B-90D3-B68EB9297C57}.Release|Any CPU.ActiveCfg = Release|Any CPU
		{A39DC8DA-C0EB-4F9B-90D3-B68EB9297C57}.Release|Any CPU.Build.0 = Release|Any CPU
		{45713140-FC72-4C28-98DF-AB63C1C46EEA}.Debug|Any CPU.ActiveCfg = Debug|Any CPU
		{45713140-FC72-4C28-98DF-AB63C1C46EEA}.Debug|Any CPU.Build.0 = Debug|Any CPU
		{45713140-FC72-4C28-98DF-AB63C1C46EEA}.Release|Any CPU.ActiveCfg = Release|Any CPU
		{45713140-FC72-4C28-98DF-AB63C1C46EEA}.Release|Any CPU.Build.0 = Release|Any CPU
		{3BA1E22B-0F1A-4DB5-962C-FE4062FB3AC9}.Debug|Any CPU.ActiveCfg = Debug|Any CPU
		{3BA1E22B-0F1A-4DB5-962C-FE4062FB3AC9}.Debug|Any CPU.Build.0 = Debug|Any CPU
		{3BA1E22B-0F1A-4DB5-962C-FE4062FB3AC9}.Release|Any CPU.ActiveCfg = Release|Any CPU
		{3BA1E22B-0F1A-4DB5-962C-FE4062FB3AC9}.Release|Any CPU.Build.0 = Release|Any CPU
	EndGlobalSection
	GlobalSection(SolutionProperties) = preSolution
		HideSolutionNode = FALSE
	EndGlobalSection
	GlobalSection(NestedProjects) = preSolution
		{A39DC8DA-C0EB-4F9B-90D3-B68EB9297C57} = {BCD7342D-149C-44A5-A49A-D2019CAFDBC1}
		{45713140-FC72-4C28-98DF-AB63C1C46EEA} = {BCD7342D-149C-44A5-A49A-D2019CAFDBC1}
		{CB314234-0D64-4572-BAC4-5498E9291B67} = {BCD7342D-149C-44A5-A49A-D2019CAFDBC1}
		{3BA1E22B-0F1A-4DB5-962C-FE4062FB3AC9} = {CB314234-0D64-4572-BAC4-5498E9291B67}
	EndGlobalSection
	GlobalSection(ExtensibilityGlobals) = postSolution
		SolutionGuid = {74A8B5F6-4F49-41EE-B11D-D8627EA4614E}
	EndGlobalSection
EndGlobal
